
Microsoft Visual Studio Solution File, Format Version 12.00
# Visual Studio Version 16
VisualStudioVersion = 16.0.29920.165
MinimumVisualStudioVersion = 10.0.40219.1
Project("{FAE04EC0-301F-11D3-BF4B-00C04F79EFBC}") = "TresgalloP-GameProgramming2Final", "TresgalloP-GameProgramming2Final\TresgalloP-GameProgramming2Final.csproj", "{0015EDB1-368D-49DD-B2BE-449B354C230F}"
EndProject
Global
	GlobalSection(SolutionConfigurationPlatforms) = preSolution
		Debug|Any CPU = Debug|Any CPU
		Release|Any CPU = Release|Any CPU
	EndGlobalSection
	GlobalSection(ProjectConfigurationPlatforms) = postSolution
		{0015EDB1-368D-49DD-B2BE-449B354C230F}.Debug|Any CPU.ActiveCfg = Debug|Any CPU
		{0015EDB1-368D-49DD-B2BE-449B354C230F}.Debug|Any CPU.Build.0 = Debug|Any CPU
		{0015EDB1-368D-49DD-B2BE-449B354C230F}.Release|Any CPU.ActiveCfg = Release|Any CPU
		{0015EDB1-368D-49DD-B2BE-449B354C230F}.Release|Any CPU.Build.0 = Release|Any CPU
	EndGlobalSection
	GlobalSection(SolutionProperties) = preSolution
		HideSolutionNode = FALSE
	EndGlobalSection
	GlobalSection(ExtensibilityGlobals) = postSolution
		SolutionGuid = {5F735E36-F0F8-495F-BB68-31E236B212EE}
	EndGlobalSection
EndGlobal
